PODS:
  - Nimble (5.1.1)
  - Quick (1.0.0)
  - SwiftLint (0.16.0)
  - Validator (2.1.1)

DEPENDENCIES:
  - Nimble
  - Quick
  - SwiftLint
  - Validator

SPEC CHECKSUMS:
  Nimble: 415e3aa3267e7bc2c96b05fa814ddea7bb686a29
  Quick: 8024e4a47e6cc03a9d5245ef0948264fc6d27cff
  SwiftLint: 90665265ae50b58167c674a11c680bbabe9d6513
  Validator: b1793fbfd0046097551d0edd18e2c30792d69ef5

PODFILE CHECKSUM: e4587fc860bd878cc34af48ffe6c92cd97ffa26c

COCOAPODS: 1.1.1
