// !$*UTF8*$!
{
	archiveVersion = 1;
	classes = {
	};
	objectVersion = 46;
	objects = {

/* Begin PBXBuildFile section */
		0FAC9A37F643B24539B9E4ED /* Pods_ValidatorSample.framework in Frameworks */ = {isa = PBXBuildFile; fileRef = D9F2FBB09686F6DCF5B5448F /* Pods_ValidatorSample.framework */; };
		5A456EB01E2DC540003515A8 /* CharacterTypeValidationPattern.swift in Sources */ = {isa = PBXBuildFile; fileRef = 5A456EAF1E2DC540003515A8 /* CharacterTypeValidationPattern.swift */; };
		5A456EB21E2DC666003515A8 /* ValidationErrorType.swift in Sources */ = {isa = PBXBuildFile; fileRef = 5A456EB11E2DC666003515A8 /* ValidationErrorType.swift */; };
		5A682DDB1E2DD0D200B8BA59 /* ValidationRuleUserId.swift in Sources */ = {isa = PBXBuildFile; fileRef = 5A682DDA1E2DD0D200B8BA59 /* ValidationRuleUserId.swift */; };
		5A682DDF1E2DD25400B8BA59 /* ValidationRuleUserIdTests.swift in Sources */ = {isa = PBXBuildFile; fileRef = 5A682DDE1E2DD25400B8BA59 /* ValidationRuleUserIdTests.swift */; };
		7B114BAC4F0520B8A37F142E /* Pods_ValidatorSampleTests.framework in Frameworks */ = {isa = PBXBuildFile; fileRef = 0E28835EAE7CE2342C40FDA4 /* Pods_ValidatorSampleTests.framework */; };
		AAA1DB831E2D7D2800B85E75 /* AppDelegate.swift in Sources */ = {isa = PBXBuildFile; fileRef = AAA1DB821E2D7D2800B85E75 /* AppDelegate.swift */; };
		AAA1DB851E2D7D2800B85E75 /* ViewController.swift in Sources */ = {isa = PBXBuildFile; fileRef = AAA1DB841E2D7D2800B85E75 /* ViewController.swift */; };
		AAA1DB881E2D7D2800B85E75 /* Main.storyboard in Resources */ = {isa = PBXBuildFile; fileRef = AAA1DB861E2D7D2800B85E75 /* Main.storyboard */; };
		AAA1DB8A1E2D7D2800B85E75 /* Assets.xcassets in Resources */ = {isa = PBXBuildFile; fileRef = AAA1DB891E2D7D2800B85E75 /* Assets.xcassets */; };
		AAA1DB8D1E2D7D2800B85E75 /* LaunchScreen.storyboard in Resources */ = {isa = PBXBuildFile; fileRef = AAA1DB8B1E2D7D2800B85E75 /* LaunchScreen.storyboard */; };
		AAA1DB981E2D7D2800B85E75 /* ValidatorSampleTests.swift in Sources */ = {isa = PBXBuildFile; fileRef = AAA1DB971E2D7D2800B85E75 /* ValidatorSampleTests.swift */; };
/* End PBXBuildFile section */

/* Begin PBXContainerItemProxy section */
		AAA1DB941E2D7D2800B85E75 /* PBXContainerItemProxy */ = {
			isa = PBXContainerItemProxy;
			containerPortal = AAA1DB771E2D7D2800B85E75 /* Project object */;
			proxyType = 1;
			remoteGlobalIDString = AAA1DB7E1E2D7D2800B85E75;
			remoteInfo = ValidatorSample;
		};
/* End PBXContainerItemProxy section */

/* Begin PBXFileReference section */
		02F03121893B5A04B013D31C /* Pods-ValidatorSample.release.xcconfig */ = {isa = PBXFileReference; includeInIndex = 1; lastKnownFileType = text.xcconfig; name = "Pods-ValidatorSample.release.xcconfig"; path = "Pods/Target Support Files/Pods-ValidatorSample/Pods-ValidatorSample.release.xcconfig"; sourceTree = "<group>"; };
		0E28835EAE7CE2342C40FDA4 /* Pods_ValidatorSampleTests.framework */ = {isa = PBXFileReference; explicitFileType = wrapper.framework; includeInIndex = 0; path = Pods_ValidatorSampleTests.framework; sourceTree = BUILT_PRODUCTS_DIR; };
		265B278BB18C211AB028F62F /* Pods-ValidatorSampleTests.release.xcconfig */ = {isa = PBXFileReference; includeInIndex = 1; lastKnownFileType = text.xcconfig; name = "Pods-ValidatorSampleTests.release.xcconfig"; path = "Pods/Target Support Files/Pods-ValidatorSampleTests/Pods-ValidatorSampleTests.release.xcconfig"; sourceTree = "<group>"; };
		5A456EAF1E2DC540003515A8 /* CharacterTypeValidationPattern.swift */ = {isa = PBXFileReference; fileEncoding = 4; lastKnownFileType = sourcecode.swift; path = CharacterTypeValidationPattern.swift; sourceTree = "<group>"; };
		5A456EB11E2DC666003515A8 /* ValidationErrorType.swift */ = {isa = PBXFileReference; fileEncoding = 4; lastKnownFileType = sourcecode.swift; path = ValidationErrorType.swift; sourceTree = "<group>"; };
		5A682DDA1E2DD0D200B8BA59 /* ValidationRuleUserId.swift */ = {isa = PBXFileReference; fileEncoding = 4; lastKnownFileType = sourcecode.swift; path = ValidationRuleUserId.swift; sourceTree = "<group>"; };
		5A682DDE1E2DD25400B8BA59 /* ValidationRuleUserIdTests.swift */ = {isa = PBXFileReference; fileEncoding = 4; lastKnownFileType = sourcecode.swift; path = ValidationRuleUserIdTests.swift; sourceTree = "<group>"; };
		AAA1DB7F1E2D7D2800B85E75 /* ValidatorSample.app */ = {isa = PBXFileReference; explicitFileType = wrapper.application; includeInIndex = 0; path = ValidatorSample.app; sourceTree = BUILT_PRODUCTS_DIR; };
		AAA1DB821E2D7D2800B85E75 /* AppDelegate.swift */ = {isa = PBXFileReference; lastKnownFileType = sourcecode.swift; path = AppDelegate.swift; sourceTree = "<group>"; };
		AAA1DB841E2D7D2800B85E75 /* ViewController.swift */ = {isa = PBXFileReference; lastKnownFileType = sourcecode.swift; path = ViewController.swift; sourceTree = "<group>"; };
		AAA1DB871E2D7D2800B85E75 /* Base */ = {isa = PBXFileReference; lastKnownFileType = file.storyboard; name = Base; path = Base.lproj/Main.storyboard; sourceTree = "<group>"; };
		AAA1DB891E2D7D2800B85E75 /* Assets.xcassets */ = {isa = PBXFileReference; lastKnownFileType = folder.assetcatalog; path = Assets.xcassets; sourceTree = "<group>"; };
		AAA1DB8C1E2D7D2800B85E75 /* Base */ = {isa = PBXFileReference; lastKnownFileType = file.storyboard; name = Base; path = Base.lproj/LaunchScreen.storyboard; sourceTree = "<group>"; };
		AAA1DB8E1E2D7D2800B85E75 /* Info.plist */ = {isa = PBXFileReference; lastKnownFileType = text.plist.xml; path = Info.plist; sourceTree = "<group>"; };
		AAA1DB931E2D7D2800B85E75 /* ValidatorSampleTests.xctest */ = {isa = PBXFileReference; explicitFileType = wrapper.cfbundle; includeInIndex = 0; path = ValidatorSampleTests.xctest; sourceTree = BUILT_PRODUCTS_DIR; };
		AAA1DB971E2D7D2800B85E75 /* ValidatorSampleTests.swift */ = {isa = PBXFileReference; lastKnownFileType = sourcecode.swift; path = ValidatorSampleTests.swift; sourceTree = "<group>"; };
		AAA1DB991E2D7D2800B85E75 /* Info.plist */ = {isa = PBXFileReference; lastKnownFileType = text.plist.xml; path = Info.plist; sourceTree = "<group>"; };
		BB9DBB47D916E791D4FFC900 /* Pods-ValidatorSample.debug.xcconfig */ = {isa = PBXFileReference; includeInIndex = 1; lastKnownFileType = text.xcconfig; name = "Pods-ValidatorSample.debug.xcconfig"; path = "Pods/Target Support Files/Pods-ValidatorSample/Pods-ValidatorSample.debug.xcconfig"; sourceTree = "<group>"; };
		D9F2FBB09686F6DCF5B5448F /* Pods_ValidatorSample.framework */ = {isa = PBXFileReference; explicitFileType = wrapper.framework; includeInIndex = 0; path = Pods_ValidatorSample.framework; sourceTree = BUILT_PRODUCTS_DIR; };
		FC93EDFA681CCF432555661C /* Pods-ValidatorSampleTests.debug.xcconfig */ = {isa = PBXFileReference; includeInIndex = 1; lastKnownFileType = text.xcconfig; name = "Pods-ValidatorSampleTests.debug.xcconfig"; path = "Pods/Target Support Files/Pods-ValidatorSampleTests/Pods-ValidatorSampleTests.debug.xcconfig"; sourceTree = "<group>"; };
/* End PBXFileReference section */

/* Begin PBXFrameworksBuildPhase section */
		AAA1DB7C1E2D7D2800B85E75 /* Frameworks */ = {
			isa = PBXFrameworksBuildPhase;
			buildActionMask = 2147483647;
			files = (
				0FAC9A37F643B24539B9E4ED /* Pods_ValidatorSample.framework in Frameworks */,
			);
			runOnlyForDeploymentPostprocessing = 0;
		};
		AAA1DB901E2D7D2800B85E75 /* Frameworks */ = {
			isa = PBXFrameworksBuildPhase;
			buildActionMask = 2147483647;
			files = (
				7B114BAC4F0520B8A37F142E /* Pods_ValidatorSampleTests.framework in Frameworks */,
			);
			runOnlyForDeploymentPostprocessing = 0;
		};
/* End PBXFrameworksBuildPhase section */

/* Begin PBXGroup section */
		05D7BE7E2465CDB355673F33 /* Pods */ = {
			isa = PBXGroup;
			children = (
				BB9DBB47D916E791D4FFC900 /* Pods-ValidatorSample.debug.xcconfig */,
				02F03121893B5A04B013D31C /* Pods-ValidatorSample.release.xcconfig */,
				FC93EDFA681CCF432555661C /* Pods-ValidatorSampleTests.debug.xcconfig */,
				265B278BB18C211AB028F62F /* Pods-ValidatorSampleTests.release.xcconfig */,
			);
			name = Pods;
			sourceTree = "<group>";
		};
		5A456EAD1E2DC3FE003515A8 /* Validator */ = {
			isa = PBXGroup;
			children = (
				5A456EAE1E2DC470003515A8 /* Rules */,
				5A456EAF1E2DC540003515A8 /* CharacterTypeValidationPattern.swift */,
				5A456EB11E2DC666003515A8 /* ValidationErrorType.swift */,
			);
			path = Validator;
			sourceTree = "<group>";
		};
		5A456EAE1E2DC470003515A8 /* Rules */ = {
			isa = PBXGroup;
			children = (
				5A682DDA1E2DD0D200B8BA59 /* ValidationRuleUserId.swift */,
			);
			path = Rules;
			sourceTree = "<group>";
		};
		5A682DDC1E2DD1DB00B8BA59 /* Validator */ = {
			isa = PBXGroup;
			children = (
				5A682DDD1E2DD1EC00B8BA59 /* Rules */,
			);
			path = Validator;
			sourceTree = "<group>";
		};
		5A682DDD1E2DD1EC00B8BA59 /* Rules */ = {
			isa = PBXGroup;
			children = (
				5A682DDE1E2DD25400B8BA59 /* ValidationRuleUserIdTests.swift */,
			);
			path = Rules;
			sourceTree = "<group>";
		};
		99DDA67732BA2E53F2234D39 /* Frameworks */ = {
			isa = PBXGroup;
			children = (
				D9F2FBB09686F6DCF5B5448F /* Pods_ValidatorSample.framework */,
				0E28835EAE7CE2342C40FDA4 /* Pods_ValidatorSampleTests.framework */,
			);
			name = Frameworks;
			sourceTree = "<group>";
		};
		AAA1DB761E2D7D2800B85E75 = {
			isa = PBXGroup;
			children = (
				AAA1DB811E2D7D2800B85E75 /* ValidatorSample */,
				AAA1DB961E2D7D2800B85E75 /* ValidatorSampleTests */,
				AAA1DB801E2D7D2800B85E75 /* Products */,
				05D7BE7E2465CDB355673F33 /* Pods */,
				99DDA67732BA2E53F2234D39 /* Frameworks */,
			);
			sourceTree = "<group>";
		};
		AAA1DB801E2D7D2800B85E75 /* Products */ = {
			isa = PBXGroup;
			children = (
				AAA1DB7F1E2D7D2800B85E75 /* ValidatorSample.app */,
				AAA1DB931E2D7D2800B85E75 /* ValidatorSampleTests.xctest */,
			);
			name = Products;
			sourceTree = "<group>";
		};
		AAA1DB811E2D7D2800B85E75 /* ValidatorSample */ = {
			isa = PBXGroup;
			children = (
				5A456EAD1E2DC3FE003515A8 /* Validator */,
				AAA1DB821E2D7D2800B85E75 /* AppDelegate.swift */,
				AAA1DB841E2D7D2800B85E75 /* ViewController.swift */,
				AAA1DB861E2D7D2800B85E75 /* Main.storyboard */,
				AAA1DB891E2D7D2800B85E75 /* Assets.xcassets */,
				AAA1DB8B1E2D7D2800B85E75 /* LaunchScreen.storyboard */,
				AAA1DB8E1E2D7D2800B85E75 /* Info.plist */,
			);
			path = ValidatorSample;
			sourceTree = "<group>";
		};
		AAA1DB961E2D7D2800B85E75 /* ValidatorSampleTests */ = {
			isa = PBXGroup;
			children = (
				5A682DDC1E2DD1DB00B8BA59 /* Validator */,
				AAA1DB971E2D7D2800B85E75 /* ValidatorSampleTests.swift */,
				AAA1DB991E2D7D2800B85E75 /* Info.plist */,
			);
			path = ValidatorSampleTests;
			sourceTree = "<group>";
		};
/* End PBXGroup section */

/* Begin PBXNativeTarget section */
		AAA1DB7E1E2D7D2800B85E75 /* ValidatorSample */ = {
			isa = PBXNativeTarget;
			buildConfigurationList = AAA1DB9C1E2D7D2800B85E75 /* Build configuration list for PBXNativeTarget "ValidatorSample" */;
			buildPhases = (
				D7A7214513A7BE69D4D5803A /* [CP] Check Pods Manifest.lock */,
				AAA1DB7B1E2D7D2800B85E75 /* Sources */,
				AAA1DB7C1E2D7D2800B85E75 /* Frameworks */,
				AAA1DB7D1E2D7D2800B85E75 /* Resources */,
				D9D6BCABD55D692F513C0B32 /* [CP] Embed Pods Frameworks */,
				8379B4FF8F6051A079AAA095 /* [CP] Copy Pods Resources */,
				5A456EB31E2DCF50003515A8 /* ShellScript */,
			);
			buildRules = (
			);
			dependencies = (
			);
			name = ValidatorSample;
			productName = ValidatorSample;
			productReference = AAA1DB7F1E2D7D2800B85E75 /* ValidatorSample.app */;
			productType = "com.apple.product-type.application";
		};
		AAA1DB921E2D7D2800B85E75 /* ValidatorSampleTests */ = {
			isa = PBXNativeTarget;
			buildConfigurationList = AAA1DB9F1E2D7D2800B85E75 /* Build configuration list for PBXNativeTarget "ValidatorSampleTests" */;
			buildPhases = (
				86D8D80CE2C92A7E71C45B1E /* [CP] Check Pods Manifest.lock */,
				AAA1DB8F1E2D7D2800B85E75 /* Sources */,
				AAA1DB901E2D7D2800B85E75 /* Frameworks */,
				AAA1DB911E2D7D2800B85E75 /* Resources */,
				59D74F4047EE9E5FA6681C43 /* [CP] Embed Pods Frameworks */,
				4377CFCA02DEBFB15B175B95 /* [CP] Copy Pods Resources */,
			);
			buildRules = (
			);
			dependencies = (
				AAA1DB951E2D7D2800B85E75 /* PBXTargetDependency */,
			);
			name = ValidatorSampleTests;
			productName = ValidatorSampleTests;
			productReference = AAA1DB931E2D7D2800B85E75 /* ValidatorSampleTests.xctest */;
			productType = "com.apple.product-type.bundle.unit-test";
		};
/* End PBXNativeTarget section */

/* Begin PBXProject section */
		AAA1DB771E2D7D2800B85E75 /* Project object */ = {
			isa = PBXProject;
			attributes = {
				LastSwiftUpdateCheck = 0820;
				LastUpgradeCheck = 0820;
				ORGANIZATIONNAME = tenten0213;
				TargetAttributes = {
					AAA1DB7E1E2D7D2800B85E75 = {
						CreatedOnToolsVersion = 8.2.1;
						ProvisioningStyle = Automatic;
					};
					AAA1DB921E2D7D2800B85E75 = {
						CreatedOnToolsVersion = 8.2.1;
						ProvisioningStyle = Automatic;
						TestTargetID = AAA1DB7E1E2D7D2800B85E75;
					};
				};
			};
			buildConfigurationList = AAA1DB7A1E2D7D2800B85E75 /* Build configuration list for PBXProject "ValidatorSample" */;
			compatibilityVersion = "Xcode 3.2";
			developmentRegion = English;
			hasScannedForEncodings = 0;
			knownRegions = (
				en,
				Base,
			);
			mainGroup = AAA1DB761E2D7D2800B85E75;
			productRefGroup = AAA1DB801E2D7D2800B85E75 /* Products */;
			projectDirPath = "";
			projectRoot = "";
			targets = (
				AAA1DB7E1E2D7D2800B85E75 /* ValidatorSample */,
				AAA1DB921E2D7D2800B85E75 /* ValidatorSampleTests */,
			);
		};
/* End PBXProject section */

/* Begin PBXResourcesBuildPhase section */
		AAA1DB7D1E2D7D2800B85E75 /* Resources */ = {
			isa = PBXResourcesBuildPhase;
			buildActionMask = 2147483647;
			files = (
				AAA1DB8D1E2D7D2800B85E75 /* LaunchScreen.storyboard in Resources */,
				AAA1DB8A1E2D7D2800B85E75 /* Assets.xcassets in Resources */,
				AAA1DB881E2D7D2800B85E75 /* Main.storyboard in Resources */,
			);
			runOnlyForDeploymentPostprocessing = 0;
		};
		AAA1DB911E2D7D2800B85E75 /* Resources */ = {
			isa = PBXResourcesBuildPhase;
			buildActionMask = 2147483647;
			files = (
			);
			runOnlyForDeploymentPostprocessing = 0;
		};
/* End PBXResourcesBuildPhase section */

/* Begin PBXShellScriptBuildPhase section */
		4377CFCA02DEBFB15B175B95 /* [CP] Copy Pods Resources */ = {
			isa = PBXShellScriptBuildPhase;
			buildActionMask = 2147483647;
			files = (
			);
			inputPaths = (
			);
			name = "[CP] Copy Pods Resources";
			outputPaths = (
			);
			runOnlyForDeploymentPostprocessing = 0;
			shellPath = /bin/sh;
			shellScript = "\"${SRCROOT}/Pods/Target Support Files/Pods-ValidatorSampleTests/Pods-ValidatorSampleTests-resources.sh\"\n";
			showEnvVarsInLog = 0;
		};
		59D74F4047EE9E5FA6681C43 /* [CP] Embed Pods Frameworks */ = {
			isa = PBXShellScriptBuildPhase;
			buildActionMask = 2147483647;
			files = (
			);
			inputPaths = (
			);
			name = "[CP] Embed Pods Frameworks";
			outputPaths = (
			);
			runOnlyForDeploymentPostprocessing = 0;
			shellPath = /bin/sh;
			shellScript = "\"${SRCROOT}/Pods/Target Support Files/Pods-ValidatorSampleTests/Pods-ValidatorSampleTests-frameworks.sh\"\n";
			showEnvVarsInLog = 0;
		};
		5A456EB31E2DCF50003515A8 /* ShellScript */ = {
			isa = PBXShellScriptBuildPhase;
			buildActionMask = 2147483647;
			files = (
			);
			inputPaths = (
			);
			outputPaths = (
			);
			runOnlyForDeploymentPostprocessing = 0;
			shellPath = /bin/sh;
			shellScript = "if which swiftlint >/dev/null; then\n  ${PODS_ROOT}/SwiftLint/swiftlint\nelse\n  echo \"warning: SwiftLint not installed, download from https://github.com/realm/SwiftLint\"\nfi";
		};
		8379B4FF8F6051A079AAA095 /* [CP] Copy Pods Resources */ = {
			isa = PBXShellScriptBuildPhase;
			buildActionMask = 2147483647;
			files = (
			);
			inputPaths = (
			);
			name = "[CP] Copy Pods Resources";
			outputPaths = (
			);
			runOnlyForDeploymentPostprocessing = 0;
			shellPath = /bin/sh;
			shellScript = "\"${SRCROOT}/Pods/Target Support Files/Pods-ValidatorSample/Pods-ValidatorSample-resources.sh\"\n";
			showEnvVarsInLog = 0;
		};
		86D8D80CE2C92A7E71C45B1E /* [CP] Check Pods Manifest.lock */ = {
			isa = PBXShellScriptBuildPhase;
			buildActionMask = 2147483647;
			files = (
			);
			inputPaths = (
			);
			name = "[CP] Check Pods Manifest.lock";
			outputPaths = (
			);
			runOnlyForDeploymentPostprocessing = 0;
			shellPath = /bin/sh;
			shellScript = "diff \"${PODS_ROOT}/../Podfile.lock\" \"${PODS_ROOT}/Manifest.lock\" > /dev/null\nif [ $? != 0 ] ; then\n    # print error to STDERR\n    echo \"error: The sandbox is not in sync with the Podfile.lock. Run 'pod install' or update your CocoaPods installation.\" >&2\n    exit 1\nfi\n";
			showEnvVarsInLog = 0;
		};
		D7A7214513A7BE69D4D5803A /* [CP] Check Pods Manifest.lock */ = {
			isa = PBXShellScriptBuildPhase;
			buildActionMask = 2147483647;
			files = (
			);
			inputPaths = (
			);
			name = "[CP] Check Pods Manifest.lock";
			outputPaths = (
			);
			runOnlyForDeploymentPostprocessing = 0;
			shellPath = /bin/sh;
			shellScript = "diff \"${PODS_ROOT}/../Podfile.lock\" \"${PODS_ROOT}/Manifest.lock\" > /dev/null\nif [ $? != 0 ] ; then\n    # print error to STDERR\n    echo \"error: The sandbox is not in sync with the Podfile.lock. Run 'pod install' or update your CocoaPods installation.\" >&2\n    exit 1\nfi\n";
			showEnvVarsInLog = 0;
		};
		D9D6BCABD55D692F513C0B32 /* [CP] Embed Pods Frameworks */ = {
			isa = PBXShellScriptBuildPhase;
			buildActionMask = 2147483647;
			files = (
			);
			inputPaths = (
			);
			name = "[CP] Embed Pods Frameworks";
			outputPaths = (
			);
			runOnlyForDeploymentPostprocessing = 0;
			shellPath = /bin/sh;
			shellScript = "\"${SRCROOT}/Pods/Target Support Files/Pods-ValidatorSample/Pods-ValidatorSample-frameworks.sh\"\n";
			showEnvVarsInLog = 0;
		};
/* End PBXShellScriptBuildPhase section */

/* Begin PBXSourcesBuildPhase section */
		AAA1DB7B1E2D7D2800B85E75 /* Sources */ = {
			isa = PBXSourcesBuildPhase;
			buildActionMask = 2147483647;
			files = (
				5A456EB01E2DC540003515A8 /* CharacterTypeValidationPattern.swift in Sources */,
				AAA1DB851E2D7D2800B85E75 /* ViewController.swift in Sources */,
				AAA1DB831E2D7D2800B85E75 /* AppDelegate.swift in Sources */,
				5A682DDB1E2DD0D200B8BA59 /* ValidationRuleUserId.swift in Sources */,
				5A456EB21E2DC666003515A8 /* ValidationErrorType.swift in Sources */,
			);
			runOnlyForDeploymentPostprocessing = 0;
		};
		AAA1DB8F1E2D7D2800B85E75 /* Sources */ = {
			isa = PBXSourcesBuildPhase;
			buildActionMask = 2147483647;
			files = (
				5A682DDF1E2DD25400B8BA59 /* ValidationRuleUserIdTests.swift in Sources */,
				AAA1DB981E2D7D2800B85E75 /* ValidatorSampleTests.swift in Sources */,
			);
			runOnlyForDeploymentPostprocessing = 0;
		};
/* End PBXSourcesBuildPhase section */

/* Begin PBXTargetDependency section */
		AAA1DB951E2D7D2800B85E75 /* PBXTargetDependency */ = {
			isa = PBXTargetDependency;
			target = AAA1DB7E1E2D7D2800B85E75 /* ValidatorSample */;
			targetProxy = AAA1DB941E2D7D2800B85E75 /* PBXContainerItemProxy */;
		};
/* End PBXTargetDependency section */

/* Begin PBXVariantGroup section */
		AAA1DB861E2D7D2800B85E75 /* Main.storyboard */ = {
			isa = PBXVariantGroup;
			children = (
				AAA1DB871E2D7D2800B85E75 /* Base */,
			);
			name = Main.storyboard;
			sourceTree = "<group>";
		};
		AAA1DB8B1E2D7D2800B85E75 /* LaunchScreen.storyboard */ = {
			isa = PBXVariantGroup;
			children = (
				AAA1DB8C1E2D7D2800B85E75 /* Base */,
			);
			name = LaunchScreen.storyboard;
			sourceTree = "<group>";
		};
/* End PBXVariantGroup section */

/* Begin XCBuildConfiguration section */
		AAA1DB9A1E2D7D2800B85E75 /* Debug */ = {
			isa = XCBuildConfiguration;
			buildSettings = {
				ALWAYS_SEARCH_USER_PATHS = NO;
				CLANG_ANALYZER_NONNULL = YES;
				CLANG_CXX_LANGUAGE_STANDARD = "gnu++0x";
				CLANG_CXX_LIBRARY = "libc++";
				CLANG_ENABLE_MODULES = YES;
				CLANG_ENABLE_OBJC_ARC = YES;
				CLANG_WARN_BOOL_CONVERSION = YES;
				CLANG_WARN_CONSTANT_CONVERSION = YES;
				CLANG_WARN_DIRECT_OBJC_ISA_USAGE = YES_ERROR;
				CLANG_WARN_DOCUMENTATION_COMMENTS = YES;
				CLANG_WARN_EMPTY_BODY = YES;
				CLANG_WARN_ENUM_CONVERSION = YES;
				CLANG_WARN_INFINITE_RECURSION = YES;
				CLANG_WARN_INT_CONVERSION = YES;
				CLANG_WARN_OBJC_ROOT_CLASS = YES_ERROR;
				CLANG_WARN_SUSPICIOUS_MOVE = YES;
				CLANG_WARN_UNREACHABLE_CODE = YES;
				CLANG_WARN__DUPLICATE_METHOD_MATCH = YES;
				"CODE_SIGN_IDENTITY[sdk=iphoneos*]" = "iPhone Developer";
				COPY_PHASE_STRIP = NO;
				DEBUG_INFORMATION_FORMAT = dwarf;
				ENABLE_STRICT_OBJC_MSGSEND = YES;
				ENABLE_TESTABILITY = YES;
				GCC_C_LANGUAGE_STANDARD = gnu99;
				GCC_DYNAMIC_NO_PIC = NO;
				GCC_NO_COMMON_BLOCKS = YES;
				GCC_OPTIMIZATION_LEVEL = 0;
				GCC_PREPROCESSOR_DEFINITIONS = (
					"DEBUG=1",
					"$(inherited)",
				);
				GCC_WARN_64_TO_32_BIT_CONVERSION = YES;
				GCC_WARN_ABOUT_RETURN_TYPE = YES_ERROR;
				GCC_WARN_UNDECLARED_SELECTOR = YES;
				GCC_WARN_UNINITIALIZED_AUTOS = YES_AGGRESSIVE;
				GCC_WARN_UNUSED_FUNCTION = YES;
				GCC_WARN_UNUSED_VARIABLE = YES;
				IPHONEOS_DEPLOYMENT_TARGET = 10.2;
				MTL_ENABLE_DEBUG_INFO = YES;
				ONLY_ACTIVE_ARCH = YES;
				SDKROOT = iphoneos;
				SWIFT_ACTIVE_COMPILATION_CONDITIONS = DEBUG;
				SWIFT_OPTIMIZATION_LEVEL = "-Onone";
				TARGETED_DEVICE_FAMILY = "1,2";
			};
			name = Debug;
		};
		AAA1DB9B1E2D7D2800B85E75 /* Release */ = {
			isa = XCBuildConfiguration;
			buildSettings = {
				ALWAYS_SEARCH_USER_PATHS = NO;
				CLANG_ANALYZER_NONNULL = YES;
				CLANG_CXX_LANGUAGE_STANDARD = "gnu++0x";
				CLANG_CXX_LIBRARY = "libc++";
				CLANG_ENABLE_MODULES = YES;
				CLANG_ENABLE_OBJC_ARC = YES;
				CLANG_WARN_BOOL_CONVERSION = YES;
				CLANG_WARN_CONSTANT_CONVERSION = YES;
				CLANG_WARN_DIRECT_OBJC_ISA_USAGE = YES_ERROR;
				CLANG_WARN_DOCUMENTATION_COMMENTS = YES;
				CLANG_WARN_EMPTY_BODY = YES;
				CLANG_WARN_ENUM_CONVERSION = YES;
				CLANG_WARN_INFINITE_RECURSION = YES;
				CLANG_WARN_INT_CONVERSION = YES;
				CLANG_WARN_OBJC_ROOT_CLASS = YES_ERROR;
				CLANG_WARN_SUSPICIOUS_MOVE = YES;
				CLANG_WARN_UNREACHABLE_CODE = YES;
				CLANG_WARN__DUPLICATE_METHOD_MATCH = YES;
				"CODE_SIGN_IDENTITY[sdk=iphoneos*]" = "iPhone Developer";
				COPY_PHASE_STRIP = NO;
				DEBUG_INFORMATION_FORMAT = "dwarf-with-dsym";
				ENABLE_NS_ASSERTIONS = NO;
				ENABLE_STRICT_OBJC_MSGSEND = YES;
				GCC_C_LANGUAGE_STANDARD = gnu99;
				GCC_NO_COMMON_BLOCKS = YES;
				GCC_WARN_64_TO_32_BIT_CONVERSION = YES;
				GCC_WARN_ABOUT_RETURN_TYPE = YES_ERROR;
				GCC_WARN_UNDECLARED_SELECTOR = YES;
				GCC_WARN_UNINITIALIZED_AUTOS = YES_AGGRESSIVE;
				GCC_WARN_UNUSED_FUNCTION = YES;
				GCC_WARN_UNUSED_VARIABLE = YES;
				IPHONEOS_DEPLOYMENT_TARGET = 10.2;
				MTL_ENABLE_DEBUG_INFO = NO;
				SDKROOT = iphoneos;
				SWIFT_OPTIMIZATION_LEVEL = "-Owholemodule";
				TARGETED_DEVICE_FAMILY = "1,2";
				VALIDATE_PRODUCT = YES;
			};
			name = Release;
		};
		AAA1DB9D1E2D7D2800B85E75 /* Debug */ = {
			isa = XCBuildConfiguration;
			baseConfigurationReference = BB9DBB47D916E791D4FFC900 /* Pods-ValidatorSample.debug.xcconfig */;
			buildSettings = {
				ASSETCATALOG_COMPILER_APPICON_NAME = AppIcon;
				INFOPLIST_FILE = ValidatorSample/Info.plist;
				LD_RUNPATH_SEARCH_PATHS = "$(inherited) @executable_path/Frameworks";
				PRODUCT_BUNDLE_IDENTIFIER = net.tenten0213.ValidatorSample;
				PRODUCT_NAME = "$(TARGET_NAME)";
				SWIFT_VERSION = 3.0;
			};
			name = Debug;
		};
		AAA1DB9E1E2D7D2800B85E75 /* Release */ = {
			isa = XCBuildConfiguration;
			baseConfigurationReference = 02F03121893B5A04B013D31C /* Pods-ValidatorSample.release.xcconfig */;
			buildSettings = {
				ASSETCATALOG_COMPILER_APPICON_NAME = AppIcon;
				INFOPLIST_FILE = ValidatorSample/Info.plist;
				LD_RUNPATH_SEARCH_PATHS = "$(inherited) @executable_path/Frameworks";
				PRODUCT_BUNDLE_IDENTIFIER = net.tenten0213.ValidatorSample;
				PRODUCT_NAME = "$(TARGET_NAME)";
				SWIFT_VERSION = 3.0;
			};
			name = Release;
		};
		AAA1DBA01E2D7D2800B85E75 /* Debug */ = {
			isa = XCBuildConfiguration;
			baseConfigurationReference = FC93EDFA681CCF432555661C /* Pods-ValidatorSampleTests.debug.xcconfig */;
			buildSettings = {
				ALWAYS_EMBED_SWIFT_STANDARD_LIBRARIES = YES;
				BUNDLE_LOADER = "$(TEST_HOST)";
				INFOPLIST_FILE = ValidatorSampleTests/Info.plist;
				LD_RUNPATH_SEARCH_PATHS = "$(inherited) @executable_path/Frameworks @loader_path/Frameworks";
				PRODUCT_BUNDLE_IDENTIFIER = net.tenten0213.ValidatorSampleTests;
				PRODUCT_NAME = "$(TARGET_NAME)";
				SWIFT_VERSION = 3.0;
				TEST_HOST = "$(BUILT_PRODUCTS_DIR)/ValidatorSample.app/ValidatorSample";
			};
			name = Debug;
		};
		AAA1DBA11E2D7D2800B85E75 /* Release */ = {
			isa = XCBuildConfiguration;
			baseConfigurationReference = 265B278BB18C211AB028F62F /* Pods-ValidatorSampleTests.release.xcconfig */;
			buildSettings = {
				ALWAYS_EMBED_SWIFT_STANDARD_LIBRARIES = YES;
				BUNDLE_LOADER = "$(TEST_HOST)";
				INFOPLIST_FILE = ValidatorSampleTests/Info.plist;
				LD_RUNPATH_SEARCH_PATHS = "$(inherited) @executable_path/Frameworks @loader_path/Frameworks";
				PRODUCT_BUNDLE_IDENTIFIER = net.tenten0213.ValidatorSampleTests;
				PRODUCT_NAME = "$(TARGET_NAME)";
				SWIFT_VERSION = 3.0;
				TEST_HOST = "$(BUILT_PRODUCTS_DIR)/ValidatorSample.app/ValidatorSample";
			};
			name = Release;
		};
/* End XCBuildConfiguration section */

/* Begin XCConfigurationList section */
		AAA1DB7A1E2D7D2800B85E75 /* Build configuration list for PBXProject "ValidatorSample" */ = {
			isa = XCConfigurationList;
			buildConfigurations = (
				AAA1DB9A1E2D7D2800B85E75 /* Debug */,
				AAA1DB9B1E2D7D2800B85E75 /* Release */,
			);
			defaultConfigurationIsVisible = 0;
			defaultConfigurationName = Release;
		};
		AAA1DB9C1E2D7D2800B85E75 /* Build configuration list for PBXNativeTarget "ValidatorSample" */ = {
			isa = XCConfigurationList;
			buildConfigurations = (
				AAA1DB9D1E2D7D2800B85E75 /* Debug */,
				AAA1DB9E1E2D7D2800B85E75 /* Release */,
			);
			defaultConfigurationIsVisible = 0;
			defaultConfigurationName = Release;
		};
		AAA1DB9F1E2D7D2800B85E75 /* Build configuration list for PBXNativeTarget "ValidatorSampleTests" */ = {
			isa = XCConfigurationList;
			buildConfigurations = (
				AAA1DBA01E2D7D2800B85E75 /* Debug */,
				AAA1DBA11E2D7D2800B85E75 /* Release */,
			);
			defaultConfigurationIsVisible = 0;
			defaultConfigurationName = Release;
		};
/* End XCConfigurationList section */
	};
	rootObject = AAA1DB771E2D7D2800B85E75 /* Project object */;
}
